
Microsoft Visual Studio Solution File, Format Version 12.00
# Visual Studio 2012
Project("{FAE04EC0-301F-11D3-BF4B-00C04F79EFBC}") = "Cirrious.MvvmCross.Community.Plugins.Sqlite", "Sqlite\Cirrious.MvvmCross.Community.Plugins.Sqlite\Cirrious.MvvmCross.Community.Plugins.Sqlite.csproj", "{72654B8A-5F78-4BDF-BFBB-057DDDF314F1}"
EndProject
Project("{FAE04EC0-301F-11D3-BF4B-00C04F79EFBC}") = "Cirrious.MvvmCross.Community.Plugins.Sqlite.Droid", "Sqlite\Cirrious.MvvmCross.Community.Plugins.Sqlite.Droid\Cirrious.MvvmCross.Community.Plugins.Sqlite.Droid.csproj", "{E7909D1D-415A-4E35-8A08-8970BA605F2F}"
EndProject
Project("{FAE04EC0-301F-11D3-BF4B-00C04F79EFBC}") = "Cirrious.MvvmCross.Community.Plugins.Sqlite.Touch", "Sqlite\Cirrious.MvvmCross.Community.Plugins.Sqlite.Touch\Cirrious.MvvmCross.Community.Plugins.Sqlite.Touch.csproj", "{4D6572A6-628A-4C50-9056-D3A9A42C8D7F}"
EndProject
Project("{FAE04EC0-301F-11D3-BF4B-00C04F79EFBC}") = "Cirrious.MvvmCross.Community.Plugins.Sqlite.WindowsStore", "Sqlite\Cirrious.MvvmCross.Community.Plugins.Sqlite.WindowsStore\Cirrious.MvvmCross.Community.Plugins.Sqlite.WindowsStore.csproj", "{654E3C62-163F-430C-AE77-75E5B569722A}"
EndProject
Project("{FAE04EC0-301F-11D3-BF4B-00C04F79EFBC}") = "Cirrious.MvvmCross.Community.Plugins.Sqlite.WindowsPhone.CS", "Sqlite\Cirrious.MvvmCross.Community.Plugins.Sqlite.WindowsPhone.CS\Cirrious.MvvmCross.Community.Plugins.Sqlite.WindowsPhone.CS.csproj", "{E043D17C-221A-41CB-BC75-1D48D5AD0B11}"
EndProject
Project("{FAE04EC0-301F-11D3-BF4B-00C04F79EFBC}") = "Cirrious.MvvmCross.Community.Plugins.Sqlite.Wpf", "Sqlite\Cirrious.MvvmCross.Community.Plugins.Sqlite.Wpf\Cirrious.MvvmCross.Community.Plugins.Sqlite.Wpf.csproj", "{3B83CD5D-F846-41AF-A68D-FC715EAA81FB}"
EndProject
Project("{2150E333-8FDC-42A3-9474-1A3956D46DE8}") = "Tests", "Tests", "{7AD54447-31D0-4B89-AA43-3EBF8858F145}"
EndProject
Project("{FAE04EC0-301F-11D3-BF4B-00C04F79EFBC}") = "TestSqliteWpf", "Tests\TestSqliteWpf\TestSqliteWpf.csproj", "{994C6769-E8FB-4F8E-A83D-AA8C273F00E9}"
EndProject
Project("{FAE04EC0-301F-11D3-BF4B-00C04F79EFBC}") = "TestSqliteTouch", "Tests\TestSqliteTouch\TestSqliteTouch.csproj", "{CF80726C-861B-426D-A287-CAE1F95CC1E5}"
EndProject
Project("{FAE04EC0-301F-11D3-BF4B-00C04F79EFBC}") = "TestSqliteDroid", "Tests\TestSqliteDroid\TestSqliteDroid.csproj", "{A1F42E8A-6386-4195-9C4C-AA5B0FFA4F4B}"
EndProject
Global
	GlobalSection(SolutionConfigurationPlatforms) = preSolution
		Ad-Hoc|Any CPU = Ad-Hoc|Any CPU
		Ad-Hoc|ARM = Ad-Hoc|ARM
		Ad-Hoc|iPhone = Ad-Hoc|iPhone
		Ad-Hoc|iPhoneSimulator = Ad-Hoc|iPhoneSimulator
		Ad-Hoc|Mixed Platforms = Ad-Hoc|Mixed Platforms
		Ad-Hoc|x64 = Ad-Hoc|x64
		Ad-Hoc|x86 = Ad-Hoc|x86
		AppStore|Any CPU = AppStore|Any CPU
		AppStore|ARM = AppStore|ARM
		AppStore|iPhone = AppStore|iPhone
		AppStore|iPhoneSimulator = AppStore|iPhoneSimulator
		AppStore|Mixed Platforms = AppStore|Mixed Platforms
		AppStore|x64 = AppStore|x64
		AppStore|x86 = AppStore|x86
		Debug|Any CPU = Debug|Any CPU
		Debug|ARM = Debug|ARM
		Debug|iPhone = Debug|iPhone
		Debug|iPhoneSimulator = Debug|iPhoneSimulator
		Debug|Mixed Platforms = Debug|Mixed Platforms
		Debug|x64 = Debug|x64
		Debug|x86 = Debug|x86
		Release|Any CPU = Release|Any CPU
		Release|ARM = Release|ARM
		Release|iPhone = Release|iPhone
		Release|iPhoneSimulator = Release|iPhoneSimulator
		Release|Mixed Platforms = Release|Mixed Platforms
		Release|x64 = Release|x64
		Release|x86 = Release|x86
	EndGlobalSection
	GlobalSection(ProjectConfigurationPlatforms) = postSolution
		{72654B8A-5F78-4BDF-BFBB-057DDDF314F1}.Ad-Hoc|Any CPU.ActiveCfg = Release|Any CPU
		{72654B8A-5F78-4BDF-BFBB-057DDDF314F1}.Ad-Hoc|Any CPU.Build.0 = Release|Any CPU
		{72654B8A-5F78-4BDF-BFBB-057DDDF314F1}.Ad-Hoc|ARM.ActiveCfg = Release|Any CPU
		{72654B8A-5F78-4BDF-BFBB-057DDDF314F1}.Ad-Hoc|iPhone.ActiveCfg = Release|Any CPU
		{72654B8A-5F78-4BDF-BFBB-057DDDF314F1}.Ad-Hoc|iPhoneSimulator.ActiveCfg = Release|Any CPU
		{72654B8A-5F78-4BDF-BFBB-057DDDF314F1}.Ad-Hoc|Mixed Platforms.ActiveCfg = Release|Any CPU
		{72654B8A-5F78-4BDF-BFBB-057DDDF314F1}.Ad-Hoc|Mixed Platforms.Build.0 = Release|Any CPU
		{72654B8A-5F78-4BDF-BFBB-057DDDF314F1}.Ad-Hoc|x64.ActiveCfg = Release|Any CPU
		{72654B8A-5F78-4BDF-BFBB-057DDDF314F1}.Ad-Hoc|x86.ActiveCfg = Release|Any CPU
		{72654B8A-5F78-4BDF-BFBB-057DDDF314F1}.AppStore|Any CPU.ActiveCfg = Release|Any CPU
		{72654B8A-5F78-4BDF-BFBB-057DDDF314F1}.AppStore|Any CPU.Build.0 = Release|Any CPU
		{72654B8A-5F78-4BDF-BFBB-057DDDF314F1}.AppStore|ARM.ActiveCfg = Release|Any CPU
		{72654B8A-5F78-4BDF-BFBB-057DDDF314F1}.AppStore|iPhone.ActiveCfg = Release|Any CPU
		{72654B8A-5F78-4BDF-BFBB-057DDDF314F1}.AppStore|iPhoneSimulator.ActiveCfg = Release|Any CPU
		{72654B8A-5F78-4BDF-BFBB-057DDDF314F1}.AppStore|Mixed Platforms.ActiveCfg = Release|Any CPU
		{72654B8A-5F78-4BDF-BFBB-057DDDF314F1}.AppStore|Mixed Platforms.Build.0 = Release|Any CPU
		{72654B8A-5F78-4BDF-BFBB-057DDDF314F1}.AppStore|x64.ActiveCfg = Release|Any CPU
		{72654B8A-5F78-4BDF-BFBB-057DDDF314F1}.AppStore|x86.ActiveCfg = Release|Any CPU
		{72654B8A-5F78-4BDF-BFBB-057DDDF314F1}.Debug|Any CPU.ActiveCfg = Debug|Any CPU
		{72654B8A-5F78-4BDF-BFBB-057DDDF314F1}.Debug|Any CPU.Build.0 = Debug|Any CPU
		{72654B8A-5F78-4BDF-BFBB-057DDDF314F1}.Debug|ARM.ActiveCfg = Debug|Any CPU
		{72654B8A-5F78-4BDF-BFBB-057DDDF314F1}.Debug|iPhone.ActiveCfg = Debug|Any CPU
		{72654B8A-5F78-4BDF-BFBB-057DDDF314F1}.Debug|iPhoneSimulator.ActiveCfg = Debug|Any CPU
		{72654B8A-5F78-4BDF-BFBB-057DDDF314F1}.Debug|Mixed Platforms.ActiveCfg = Debug|Any CPU
		{72654B8A-5F78-4BDF-BFBB-057DDDF314F1}.Debug|Mixed Platforms.Build.0 = Debug|Any CPU
		{72654B8A-5F78-4BDF-BFBB-057DDDF314F1}.Debug|x64.ActiveCfg = Debug|Any CPU
		{72654B8A-5F78-4BDF-BFBB-057DDDF314F1}.Debug|x86.ActiveCfg = Debug|Any CPU
		{72654B8A-5F78-4BDF-BFBB-057DDDF314F1}.Release|Any CPU.ActiveCfg = Release|Any CPU
		{72654B8A-5F78-4BDF-BFBB-057DDDF314F1}.Release|Any CPU.Build.0 = Release|Any CPU
		{72654B8A-5F78-4BDF-BFBB-057DDDF314F1}.Release|ARM.ActiveCfg = Release|Any CPU
		{72654B8A-5F78-4BDF-BFBB-057DDDF314F1}.Release|iPhone.ActiveCfg = Release|Any CPU
		{72654B8A-5F78-4BDF-BFBB-057DDDF314F1}.Release|iPhoneSimulator.ActiveCfg = Release|Any CPU
		{72654B8A-5F78-4BDF-BFBB-057DDDF314F1}.Release|Mixed Platforms.ActiveCfg = Release|Any CPU
		{72654B8A-5F78-4BDF-BFBB-057DDDF314F1}.Release|Mixed Platforms.Build.0 = Release|Any CPU
		{72654B8A-5F78-4BDF-BFBB-057DDDF314F1}.Release|x64.ActiveCfg = Release|Any CPU
		{72654B8A-5F78-4BDF-BFBB-057DDDF314F1}.Release|x86.ActiveCfg = Release|Any CPU
		{E7909D1D-415A-4E35-8A08-8970BA605F2F}.Ad-Hoc|Any CPU.ActiveCfg = Release|Any CPU
		{E7909D1D-415A-4E35-8A08-8970BA605F2F}.Ad-Hoc|Any CPU.Build.0 = Release|Any CPU
		{E7909D1D-415A-4E35-8A08-8970BA605F2F}.Ad-Hoc|ARM.ActiveCfg = Release|Any CPU
		{E7909D1D-415A-4E35-8A08-8970BA605F2F}.Ad-Hoc|iPhone.ActiveCfg = Release|Any CPU
		{E7909D1D-415A-4E35-8A08-8970BA605F2F}.Ad-Hoc|iPhoneSimulator.ActiveCfg = Release|Any CPU
		{E7909D1D-415A-4E35-8A08-8970BA605F2F}.Ad-Hoc|Mixed Platforms.ActiveCfg = Release|Any CPU
		{E7909D1D-415A-4E35-8A08-8970BA605F2F}.Ad-Hoc|Mixed Platforms.Build.0 = Release|Any CPU
		{E7909D1D-415A-4E35-8A08-8970BA605F2F}.Ad-Hoc|x64.ActiveCfg = Release|Any CPU
		{E7909D1D-415A-4E35-8A08-8970BA605F2F}.Ad-Hoc|x86.ActiveCfg = Release|Any CPU
		{E7909D1D-415A-4E35-8A08-8970BA605F2F}.AppStore|Any CPU.ActiveCfg = Release|Any CPU
		{E7909D1D-415A-4E35-8A08-8970BA605F2F}.AppStore|Any CPU.Build.0 = Release|Any CPU
		{E7909D1D-415A-4E35-8A08-8970BA605F2F}.AppStore|ARM.ActiveCfg = Release|Any CPU
		{E7909D1D-415A-4E35-8A08-8970BA605F2F}.AppStore|iPhone.ActiveCfg = Release|Any CPU
		{E7909D1D-415A-4E35-8A08-8970BA605F2F}.AppStore|iPhoneSimulator.ActiveCfg = Release|Any CPU
		{E7909D1D-415A-4E35-8A08-8970BA605F2F}.AppStore|Mixed Platforms.ActiveCfg = Release|Any CPU
		{E7909D1D-415A-4E35-8A08-8970BA605F2F}.AppStore|Mixed Platforms.Build.0 = Release|Any CPU
		{E7909D1D-415A-4E35-8A08-8970BA605F2F}.AppStore|x64.ActiveCfg = Release|Any CPU
		{E7909D1D-415A-4E35-8A08-8970BA605F2F}.AppStore|x86.ActiveCfg = Release|Any CPU
		{E7909D1D-415A-4E35-8A08-8970BA605F2F}.Debug|Any CPU.ActiveCfg = Debug|Any CPU
		{E7909D1D-415A-4E35-8A08-8970BA605F2F}.Debug|Any CPU.Build.0 = Debug|Any CPU
		{E7909D1D-415A-4E35-8A08-8970BA605F2F}.Debug|ARM.ActiveCfg = Debug|Any CPU
		{E7909D1D-415A-4E35-8A08-8970BA605F2F}.Debug|iPhone.ActiveCfg = Debug|Any CPU
		{E7909D1D-415A-4E35-8A08-8970BA605F2F}.Debug|iPhoneSimulator.ActiveCfg = Debug|Any CPU
		{E7909D1D-415A-4E35-8A08-8970BA605F2F}.Debug|Mixed Platforms.ActiveCfg = Debug|Any CPU
		{E7909D1D-415A-4E35-8A08-8970BA605F2F}.Debug|Mixed Platforms.Build.0 = Debug|Any CPU
		{E7909D1D-415A-4E35-8A08-8970BA605F2F}.Debug|x64.ActiveCfg = Debug|Any CPU
		{E7909D1D-415A-4E35-8A08-8970BA605F2F}.Debug|x86.ActiveCfg = Debug|Any CPU
		{E7909D1D-415A-4E35-8A08-8970BA605F2F}.Release|Any CPU.ActiveCfg = Release|Any CPU
		{E7909D1D-415A-4E35-8A08-8970BA605F2F}.Release|Any CPU.Build.0 = Release|Any CPU
		{E7909D1D-415A-4E35-8A08-8970BA605F2F}.Release|ARM.ActiveCfg = Release|Any CPU
		{E7909D1D-415A-4E35-8A08-8970BA605F2F}.Release|iPhone.ActiveCfg = Release|Any CPU
		{E7909D1D-415A-4E35-8A08-8970BA605F2F}.Release|iPhoneSimulator.ActiveCfg = Release|Any CPU
		{E7909D1D-415A-4E35-8A08-8970BA605F2F}.Release|Mixed Platforms.ActiveCfg = Release|Any CPU
		{E7909D1D-415A-4E35-8A08-8970BA605F2F}.Release|Mixed Platforms.Build.0 = Release|Any CPU
		{E7909D1D-415A-4E35-8A08-8970BA605F2F}.Release|x64.ActiveCfg = Release|Any CPU
		{E7909D1D-415A-4E35-8A08-8970BA605F2F}.Release|x86.ActiveCfg = Release|Any CPU
		{4D6572A6-628A-4C50-9056-D3A9A42C8D7F}.Ad-Hoc|Any CPU.ActiveCfg = Release|Any CPU
		{4D6572A6-628A-4C50-9056-D3A9A42C8D7F}.Ad-Hoc|Any CPU.Build.0 = Release|Any CPU
		{4D6572A6-628A-4C50-9056-D3A9A42C8D7F}.Ad-Hoc|ARM.ActiveCfg = Release|Any CPU
		{4D6572A6-628A-4C50-9056-D3A9A42C8D7F}.Ad-Hoc|iPhone.ActiveCfg = Release|Any CPU
		{4D6572A6-628A-4C50-9056-D3A9A42C8D7F}.Ad-Hoc|iPhoneSimulator.ActiveCfg = Release|Any CPU
		{4D6572A6-628A-4C50-9056-D3A9A42C8D7F}.Ad-Hoc|Mixed Platforms.ActiveCfg = Release|Any CPU
		{4D6572A6-628A-4C50-9056-D3A9A42C8D7F}.Ad-Hoc|Mixed Platforms.Build.0 = Release|Any CPU
		{4D6572A6-628A-4C50-9056-D3A9A42C8D7F}.Ad-Hoc|x64.ActiveCfg = Release|Any CPU
		{4D6572A6-628A-4C50-9056-D3A9A42C8D7F}.Ad-Hoc|x86.ActiveCfg = Release|Any CPU
		{4D6572A6-628A-4C50-9056-D3A9A42C8D7F}.AppStore|Any CPU.ActiveCfg = Release|Any CPU
		{4D6572A6-628A-4C50-9056-D3A9A42C8D7F}.AppStore|Any CPU.Build.0 = Release|Any CPU
		{4D6572A6-628A-4C50-9056-D3A9A42C8D7F}.AppStore|ARM.ActiveCfg = Release|Any CPU
		{4D6572A6-628A-4C50-9056-D3A9A42C8D7F}.AppStore|iPhone.ActiveCfg = Release|Any CPU
		{4D6572A6-628A-4C50-9056-D3A9A42C8D7F}.AppStore|iPhoneSimulator.ActiveCfg = Release|Any CPU
		{4D6572A6-628A-4C50-9056-D3A9A42C8D7F}.AppStore|Mixed Platforms.ActiveCfg = Release|Any CPU
		{4D6572A6-628A-4C50-9056-D3A9A42C8D7F}.AppStore|Mixed Platforms.Build.0 = Release|Any CPU
		{4D6572A6-628A-4C50-9056-D3A9A42C8D7F}.AppStore|x64.ActiveCfg = Release|Any CPU
		{4D6572A6-628A-4C50-9056-D3A9A42C8D7F}.AppStore|x86.ActiveCfg = Release|Any CPU
		{4D6572A6-628A-4C50-9056-D3A9A42C8D7F}.Debug|Any CPU.ActiveCfg = Debug|Any CPU
		{4D6572A6-628A-4C50-9056-D3A9A42C8D7F}.Debug|Any CPU.Build.0 = Debug|Any CPU
		{4D6572A6-628A-4C50-9056-D3A9A42C8D7F}.Debug|ARM.ActiveCfg = Debug|Any CPU
		{4D6572A6-628A-4C50-9056-D3A9A42C8D7F}.Debug|iPhone.ActiveCfg = Debug|Any CPU
		{4D6572A6-628A-4C50-9056-D3A9A42C8D7F}.Debug|iPhoneSimulator.ActiveCfg = Debug|Any CPU
		{4D6572A6-628A-4C50-9056-D3A9A42C8D7F}.Debug|Mixed Platforms.ActiveCfg = Debug|Any CPU
		{4D6572A6-628A-4C50-9056-D3A9A42C8D7F}.Debug|Mixed Platforms.Build.0 = Debug|Any CPU
		{4D6572A6-628A-4C50-9056-D3A9A42C8D7F}.Debug|x64.ActiveCfg = Debug|Any CPU
		{4D6572A6-628A-4C50-9056-D3A9A42C8D7F}.Debug|x86.ActiveCfg = Debug|Any CPU
		{4D6572A6-628A-4C50-9056-D3A9A42C8D7F}.Release|Any CPU.ActiveCfg = Release|Any CPU
		{4D6572A6-628A-4C50-9056-D3A9A42C8D7F}.Release|Any CPU.Build.0 = Release|Any CPU
		{4D6572A6-628A-4C50-9056-D3A9A42C8D7F}.Release|ARM.ActiveCfg = Release|Any CPU
		{4D6572A6-628A-4C50-9056-D3A9A42C8D7F}.Release|iPhone.ActiveCfg = Release|Any CPU
		{4D6572A6-628A-4C50-9056-D3A9A42C8D7F}.Release|iPhoneSimulator.ActiveCfg = Release|Any CPU
		{4D6572A6-628A-4C50-9056-D3A9A42C8D7F}.Release|Mixed Platforms.ActiveCfg = Release|Any CPU
		{4D6572A6-628A-4C50-9056-D3A9A42C8D7F}.Release|Mixed Platforms.Build.0 = Release|Any CPU
		{4D6572A6-628A-4C50-9056-D3A9A42C8D7F}.Release|x64.ActiveCfg = Release|Any CPU
		{4D6572A6-628A-4C50-9056-D3A9A42C8D7F}.Release|x86.ActiveCfg = Release|Any CPU
		{654E3C62-163F-430C-AE77-75E5B569722A}.Ad-Hoc|Any CPU.ActiveCfg = Release|x86
		{654E3C62-163F-430C-AE77-75E5B569722A}.Ad-Hoc|ARM.ActiveCfg = Release|ARM
		{654E3C62-163F-430C-AE77-75E5B569722A}.Ad-Hoc|ARM.Build.0 = Release|ARM
		{654E3C62-163F-430C-AE77-75E5B569722A}.Ad-Hoc|iPhone.ActiveCfg = Release|x86
		{654E3C62-163F-430C-AE77-75E5B569722A}.Ad-Hoc|iPhoneSimulator.ActiveCfg = Release|x86
		{654E3C62-163F-430C-AE77-75E5B569722A}.Ad-Hoc|Mixed Platforms.ActiveCfg = Release|x86
		{654E3C62-163F-430C-AE77-75E5B569722A}.Ad-Hoc|Mixed Platforms.Build.0 = Release|x86
		{654E3C62-163F-430C-AE77-75E5B569722A}.Ad-Hoc|x64.ActiveCfg = Release|x64
		{654E3C62-163F-430C-AE77-75E5B569722A}.Ad-Hoc|x64.Build.0 = Release|x64
		{654E3C62-163F-430C-AE77-75E5B569722A}.Ad-Hoc|x86.ActiveCfg = Release|x86
		{654E3C62-163F-430C-AE77-75E5B569722A}.Ad-Hoc|x86.Build.0 = Release|x86
		{654E3C62-163F-430C-AE77-75E5B569722A}.AppStore|Any CPU.ActiveCfg = Release|x86
		{654E3C62-163F-430C-AE77-75E5B569722A}.AppStore|ARM.ActiveCfg = Release|ARM
		{654E3C62-163F-430C-AE77-75E5B569722A}.AppStore|ARM.Build.0 = Release|ARM
		{654E3C62-163F-430C-AE77-75E5B569722A}.AppStore|iPhone.ActiveCfg = Release|x86
		{654E3C62-163F-430C-AE77-75E5B569722A}.AppStore|iPhoneSimulator.ActiveCfg = Release|x86
		{654E3C62-163F-430C-AE77-75E5B569722A}.AppStore|Mixed Platforms.ActiveCfg = Release|x86
		{654E3C62-163F-430C-AE77-75E5B569722A}.AppStore|Mixed Platforms.Build.0 = Release|x86
		{654E3C62-163F-430C-AE77-75E5B569722A}.AppStore|x64.ActiveCfg = Release|x64
		{654E3C62-163F-430C-AE77-75E5B569722A}.AppStore|x64.Build.0 = Release|x64
		{654E3C62-163F-430C-AE77-75E5B569722A}.AppStore|x86.ActiveCfg = Release|x86
		{654E3C62-163F-430C-AE77-75E5B569722A}.AppStore|x86.Build.0 = Release|x86
		{654E3C62-163F-430C-AE77-75E5B569722A}.Debug|Any CPU.ActiveCfg = Debug|x86
		{654E3C62-163F-430C-AE77-75E5B569722A}.Debug|ARM.ActiveCfg = Debug|ARM
		{654E3C62-163F-430C-AE77-75E5B569722A}.Debug|ARM.Build.0 = Debug|ARM
		{654E3C62-163F-430C-AE77-75E5B569722A}.Debug|iPhone.ActiveCfg = Debug|x86
		{654E3C62-163F-430C-AE77-75E5B569722A}.Debug|iPhoneSimulator.ActiveCfg = Debug|x86
		{654E3C62-163F-430C-AE77-75E5B569722A}.Debug|Mixed Platforms.ActiveCfg = Debug|x86
		{654E3C62-163F-430C-AE77-75E5B569722A}.Debug|Mixed Platforms.Build.0 = Debug|x86
		{654E3C62-163F-430C-AE77-75E5B569722A}.Debug|x64.ActiveCfg = Debug|x64
		{654E3C62-163F-430C-AE77-75E5B569722A}.Debug|x64.Build.0 = Debug|x64
		{654E3C62-163F-430C-AE77-75E5B569722A}.Debug|x86.ActiveCfg = Debug|x86
		{654E3C62-163F-430C-AE77-75E5B569722A}.Debug|x86.Build.0 = Debug|x86
		{654E3C62-163F-430C-AE77-75E5B569722A}.Release|Any CPU.ActiveCfg = Release|x86
		{654E3C62-163F-430C-AE77-75E5B569722A}.Release|ARM.ActiveCfg = Release|ARM
		{654E3C62-163F-430C-AE77-75E5B569722A}.Release|ARM.Build.0 = Release|ARM
		{654E3C62-163F-430C-AE77-75E5B569722A}.Release|iPhone.ActiveCfg = Release|x86
		{654E3C62-163F-430C-AE77-75E5B569722A}.Release|iPhoneSimulator.ActiveCfg = Release|x86
		{654E3C62-163F-430C-AE77-75E5B569722A}.Release|Mixed Platforms.ActiveCfg = Release|x86
		{654E3C62-163F-430C-AE77-75E5B569722A}.Release|Mixed Platforms.Build.0 = Release|x86
		{654E3C62-163F-430C-AE77-75E5B569722A}.Release|x64.ActiveCfg = Release|x64
		{654E3C62-163F-430C-AE77-75E5B569722A}.Release|x64.Build.0 = Release|x64
		{654E3C62-163F-430C-AE77-75E5B569722A}.Release|x86.ActiveCfg = Release|x86
		{654E3C62-163F-430C-AE77-75E5B569722A}.Release|x86.Build.0 = Release|x86
		{E043D17C-221A-41CB-BC75-1D48D5AD0B11}.Ad-Hoc|Any CPU.ActiveCfg = Release|Any CPU
		{E043D17C-221A-41CB-BC75-1D48D5AD0B11}.Ad-Hoc|Any CPU.Build.0 = Release|Any CPU
		{E043D17C-221A-41CB-BC75-1D48D5AD0B11}.Ad-Hoc|ARM.ActiveCfg = Release|ARM
		{E043D17C-221A-41CB-BC75-1D48D5AD0B11}.Ad-Hoc|ARM.Build.0 = Release|ARM
		{E043D17C-221A-41CB-BC75-1D48D5AD0B11}.Ad-Hoc|iPhone.ActiveCfg = Release|Any CPU
		{E043D17C-221A-41CB-BC75-1D48D5AD0B11}.Ad-Hoc|iPhoneSimulator.ActiveCfg = Release|Any CPU
		{E043D17C-221A-41CB-BC75-1D48D5AD0B11}.Ad-Hoc|Mixed Platforms.ActiveCfg = Release|x86
		{E043D17C-221A-41CB-BC75-1D48D5AD0B11}.Ad-Hoc|Mixed Platforms.Build.0 = Release|x86
		{E043D17C-221A-41CB-BC75-1D48D5AD0B11}.Ad-Hoc|x64.ActiveCfg = Release|Any CPU
		{E043D17C-221A-41CB-BC75-1D48D5AD0B11}.Ad-Hoc|x86.ActiveCfg = Release|x86
		{E043D17C-221A-41CB-BC75-1D48D5AD0B11}.Ad-Hoc|x86.Build.0 = Release|x86
		{E043D17C-221A-41CB-BC75-1D48D5AD0B11}.AppStore|Any CPU.ActiveCfg = Release|Any CPU
		{E043D17C-221A-41CB-BC75-1D48D5AD0B11}.AppStore|Any CPU.Build.0 = Release|Any CPU
		{E043D17C-221A-41CB-BC75-1D48D5AD0B11}.AppStore|ARM.ActiveCfg = Release|ARM
		{E043D17C-221A-41CB-BC75-1D48D5AD0B11}.AppStore|ARM.Build.0 = Release|ARM
		{E043D17C-221A-41CB-BC75-1D48D5AD0B11}.AppStore|iPhone.ActiveCfg = Release|Any CPU
		{E043D17C-221A-41CB-BC75-1D48D5AD0B11}.AppStore|iPhoneSimulator.ActiveCfg = Release|Any CPU
		{E043D17C-221A-41CB-BC75-1D48D5AD0B11}.AppStore|Mixed Platforms.ActiveCfg = Release|x86
		{E043D17C-221A-41CB-BC75-1D48D5AD0B11}.AppStore|Mixed Platforms.Build.0 = Release|x86
		{E043D17C-221A-41CB-BC75-1D48D5AD0B11}.AppStore|x64.ActiveCfg = Release|Any CPU
		{E043D17C-221A-41CB-BC75-1D48D5AD0B11}.AppStore|x86.ActiveCfg = Release|x86
		{E043D17C-221A-41CB-BC75-1D48D5AD0B11}.AppStore|x86.Build.0 = Release|x86
		{E043D17C-221A-41CB-BC75-1D48D5AD0B11}.Debug|Any CPU.ActiveCfg = Debug|Any CPU
		{E043D17C-221A-41CB-BC75-1D48D5AD0B11}.Debug|Any CPU.Build.0 = Debug|Any CPU
		{E043D17C-221A-41CB-BC75-1D48D5AD0B11}.Debug|ARM.ActiveCfg = Debug|Any CPU
		{E043D17C-221A-41CB-BC75-1D48D5AD0B11}.Debug|iPhone.ActiveCfg = Debug|Any CPU
		{E043D17C-221A-41CB-BC75-1D48D5AD0B11}.Debug|iPhoneSimulator.ActiveCfg = Debug|Any CPU
		{E043D17C-221A-41CB-BC75-1D48D5AD0B11}.Debug|Mixed Platforms.ActiveCfg = Debug|Any CPU
		{E043D17C-221A-41CB-BC75-1D48D5AD0B11}.Debug|Mixed Platforms.Build.0 = Debug|Any CPU
		{E043D17C-221A-41CB-BC75-1D48D5AD0B11}.Debug|x64.ActiveCfg = Debug|Any CPU
		{E043D17C-221A-41CB-BC75-1D48D5AD0B11}.Debug|x86.ActiveCfg = Debug|Any CPU
		{E043D17C-221A-41CB-BC75-1D48D5AD0B11}.Release|Any CPU.ActiveCfg = Release|Any CPU
		{E043D17C-221A-41CB-BC75-1D48D5AD0B11}.Release|Any CPU.Build.0 = Release|Any CPU
		{E043D17C-221A-41CB-BC75-1D48D5AD0B11}.Release|ARM.ActiveCfg = Release|Any CPU
		{E043D17C-221A-41CB-BC75-1D48D5AD0B11}.Release|iPhone.ActiveCfg = Release|Any CPU
		{E043D17C-221A-41CB-BC75-1D48D5AD0B11}.Release|iPhoneSimulator.ActiveCfg = Release|Any CPU
		{E043D17C-221A-41CB-BC75-1D48D5AD0B11}.Release|Mixed Platforms.ActiveCfg = Release|Any CPU
		{E043D17C-221A-41CB-BC75-1D48D5AD0B11}.Release|Mixed Platforms.Build.0 = Release|Any CPU
		{E043D17C-221A-41CB-BC75-1D48D5AD0B11}.Release|x64.ActiveCfg = Release|Any CPU
		{E043D17C-221A-41CB-BC75-1D48D5AD0B11}.Release|x86.ActiveCfg = Release|Any CPU
		{3B83CD5D-F846-41AF-A68D-FC715EAA81FB}.Ad-Hoc|Any CPU.ActiveCfg = Release|Any CPU
		{3B83CD5D-F846-41AF-A68D-FC715EAA81FB}.Ad-Hoc|Any CPU.Build.0 = Release|Any CPU
		{3B83CD5D-F846-41AF-A68D-FC715EAA81FB}.Ad-Hoc|ARM.ActiveCfg = Release|Any CPU
		{3B83CD5D-F846-41AF-A68D-FC715EAA81FB}.Ad-Hoc|iPhone.ActiveCfg = Release|Any CPU
		{3B83CD5D-F846-41AF-A68D-FC715EAA81FB}.Ad-Hoc|iPhoneSimulator.ActiveCfg = Release|Any CPU
		{3B83CD5D-F846-41AF-A68D-FC715EAA81FB}.Ad-Hoc|Mixed Platforms.ActiveCfg = Release|Any CPU
		{3B83CD5D-F846-41AF-A68D-FC715EAA81FB}.Ad-Hoc|Mixed Platforms.Build.0 = Release|Any CPU
		{3B83CD5D-F846-41AF-A68D-FC715EAA81FB}.Ad-Hoc|x64.ActiveCfg = Release|Any CPU
		{3B83CD5D-F846-41AF-A68D-FC715EAA81FB}.Ad-Hoc|x86.ActiveCfg = Release|Any CPU
		{3B83CD5D-F846-41AF-A68D-FC715EAA81FB}.AppStore|Any CPU.ActiveCfg = Release|Any CPU
		{3B83CD5D-F846-41AF-A68D-FC715EAA81FB}.AppStore|Any CPU.Build.0 = Release|Any CPU
		{3B83CD5D-F846-41AF-A68D-FC715EAA81FB}.AppStore|ARM.ActiveCfg = Release|Any CPU
		{3B83CD5D-F846-41AF-A68D-FC715EAA81FB}.AppStore|iPhone.ActiveCfg = Release|Any CPU
		{3B83CD5D-F846-41AF-A68D-FC715EAA81FB}.AppStore|iPhoneSimulator.ActiveCfg = Release|Any CPU
		{3B83CD5D-F846-41AF-A68D-FC715EAA81FB}.AppStore|Mixed Platforms.ActiveCfg = Release|Any CPU
		{3B83CD5D-F846-41AF-A68D-FC715EAA81FB}.AppStore|Mixed Platforms.Build.0 = Release|Any CPU
		{3B83CD5D-F846-41AF-A68D-FC715EAA81FB}.AppStore|x64.ActiveCfg = Release|Any CPU
		{3B83CD5D-F846-41AF-A68D-FC715EAA81FB}.AppStore|x86.ActiveCfg = Release|Any CPU
		{3B83CD5D-F846-41AF-A68D-FC715EAA81FB}.Debug|Any CPU.ActiveCfg = Debug|Any CPU
		{3B83CD5D-F846-41AF-A68D-FC715EAA81FB}.Debug|Any CPU.Build.0 = Debug|Any CPU
		{3B83CD5D-F846-41AF-A68D-FC715EAA81FB}.Debug|ARM.ActiveCfg = Debug|Any CPU
		{3B83CD5D-F846-41AF-A68D-FC715EAA81FB}.Debug|iPhone.ActiveCfg = Debug|Any CPU
		{3B83CD5D-F846-41AF-A68D-FC715EAA81FB}.Debug|iPhoneSimulator.ActiveCfg = Debug|Any CPU
		{3B83CD5D-F846-41AF-A68D-FC715EAA81FB}.Debug|Mixed Platforms.ActiveCfg = Debug|Any CPU
		{3B83CD5D-F846-41AF-A68D-FC715EAA81FB}.Debug|Mixed Platforms.Build.0 = Debug|Any CPU
		{3B83CD5D-F846-41AF-A68D-FC715EAA81FB}.Debug|x64.ActiveCfg = Debug|Any CPU
		{3B83CD5D-F846-41AF-A68D-FC715EAA81FB}.Debug|x86.ActiveCfg = Debug|Any CPU
		{3B83CD5D-F846-41AF-A68D-FC715EAA81FB}.Release|Any CPU.ActiveCfg = Release|Any CPU
		{3B83CD5D-F846-41AF-A68D-FC715EAA81FB}.Release|Any CPU.Build.0 = Release|Any CPU
		{3B83CD5D-F846-41AF-A68D-FC715EAA81FB}.Release|ARM.ActiveCfg = Release|Any CPU
		{3B83CD5D-F846-41AF-A68D-FC715EAA81FB}.Release|iPhone.ActiveCfg = Release|Any CPU
		{3B83CD5D-F846-41AF-A68D-FC715EAA81FB}.Release|iPhoneSimulator.ActiveCfg = Release|Any CPU
		{3B83CD5D-F846-41AF-A68D-FC715EAA81FB}.Release|Mixed Platforms.ActiveCfg = Release|Any CPU
		{3B83CD5D-F846-41AF-A68D-FC715EAA81FB}.Release|Mixed Platforms.Build.0 = Release|Any CPU
		{3B83CD5D-F846-41AF-A68D-FC715EAA81FB}.Release|x64.ActiveCfg = Release|Any CPU
		{3B83CD5D-F846-41AF-A68D-FC715EAA81FB}.Release|x86.ActiveCfg = Release|Any CPU
		{994C6769-E8FB-4F8E-A83D-AA8C273F00E9}.Ad-Hoc|Any CPU.ActiveCfg = Release|Any CPU
		{994C6769-E8FB-4F8E-A83D-AA8C273F00E9}.Ad-Hoc|Any CPU.Build.0 = Release|Any CPU
		{994C6769-E8FB-4F8E-A83D-AA8C273F00E9}.Ad-Hoc|ARM.ActiveCfg = Release|Any CPU
		{994C6769-E8FB-4F8E-A83D-AA8C273F00E9}.Ad-Hoc|iPhone.ActiveCfg = Release|Any CPU
		{994C6769-E8FB-4F8E-A83D-AA8C273F00E9}.Ad-Hoc|iPhoneSimulator.ActiveCfg = Release|Any CPU
		{994C6769-E8FB-4F8E-A83D-AA8C273F00E9}.Ad-Hoc|Mixed Platforms.ActiveCfg = Release|Any CPU
		{994C6769-E8FB-4F8E-A83D-AA8C273F00E9}.Ad-Hoc|Mixed Platforms.Build.0 = Release|Any CPU
		{994C6769-E8FB-4F8E-A83D-AA8C273F00E9}.Ad-Hoc|x64.ActiveCfg = Release|Any CPU
		{994C6769-E8FB-4F8E-A83D-AA8C273F00E9}.Ad-Hoc|x86.ActiveCfg = Release|Any CPU
		{994C6769-E8FB-4F8E-A83D-AA8C273F00E9}.AppStore|Any CPU.ActiveCfg = Release|Any CPU
		{994C6769-E8FB-4F8E-A83D-AA8C273F00E9}.AppStore|Any CPU.Build.0 = Release|Any CPU
		{994C6769-E8FB-4F8E-A83D-AA8C273F00E9}.AppStore|ARM.ActiveCfg = Release|Any CPU
		{994C6769-E8FB-4F8E-A83D-AA8C273F00E9}.AppStore|iPhone.ActiveCfg = Release|Any CPU
		{994C6769-E8FB-4F8E-A83D-AA8C273F00E9}.AppStore|iPhoneSimulator.ActiveCfg = Release|Any CPU
		{994C6769-E8FB-4F8E-A83D-AA8C273F00E9}.AppStore|Mixed Platforms.ActiveCfg = Release|Any CPU
		{994C6769-E8FB-4F8E-A83D-AA8C273F00E9}.AppStore|Mixed Platforms.Build.0 = Release|Any CPU
		{994C6769-E8FB-4F8E-A83D-AA8C273F00E9}.AppStore|x64.ActiveCfg = Release|Any CPU
		{994C6769-E8FB-4F8E-A83D-AA8C273F00E9}.AppStore|x86.ActiveCfg = Release|Any CPU
		{994C6769-E8FB-4F8E-A83D-AA8C273F00E9}.Debug|Any CPU.ActiveCfg = Debug|Any CPU
		{994C6769-E8FB-4F8E-A83D-AA8C273F00E9}.Debug|Any CPU.Build.0 = Debug|Any CPU
		{994C6769-E8FB-4F8E-A83D-AA8C273F00E9}.Debug|ARM.ActiveCfg = Debug|Any CPU
		{994C6769-E8FB-4F8E-A83D-AA8C273F00E9}.Debug|iPhone.ActiveCfg = Debug|Any CPU
		{994C6769-E8FB-4F8E-A83D-AA8C273F00E9}.Debug|iPhoneSimulator.ActiveCfg = Debug|Any CPU
		{994C6769-E8FB-4F8E-A83D-AA8C273F00E9}.Debug|Mixed Platforms.ActiveCfg = Debug|Any CPU
		{994C6769-E8FB-4F8E-A83D-AA8C273F00E9}.Debug|Mixed Platforms.Build.0 = Debug|Any CPU
		{994C6769-E8FB-4F8E-A83D-AA8C273F00E9}.Debug|x64.ActiveCfg = Debug|Any CPU
		{994C6769-E8FB-4F8E-A83D-AA8C273F00E9}.Debug|x86.ActiveCfg = Debug|Any CPU
		{994C6769-E8FB-4F8E-A83D-AA8C273F00E9}.Release|Any CPU.ActiveCfg = Release|Any CPU
		{994C6769-E8FB-4F8E-A83D-AA8C273F00E9}.Release|Any CPU.Build.0 = Release|Any CPU
		{994C6769-E8FB-4F8E-A83D-AA8C273F00E9}.Release|ARM.ActiveCfg = Release|Any CPU
		{994C6769-E8FB-4F8E-A83D-AA8C273F00E9}.Release|iPhone.ActiveCfg = Release|Any CPU
		{994C6769-E8FB-4F8E-A83D-AA8C273F00E9}.Release|iPhoneSimulator.ActiveCfg = Release|Any CPU
		{994C6769-E8FB-4F8E-A83D-AA8C273F00E9}.Release|Mixed Platforms.ActiveCfg = Release|Any CPU
		{994C6769-E8FB-4F8E-A83D-AA8C273F00E9}.Release|Mixed Platforms.Build.0 = Release|Any CPU
		{994C6769-E8FB-4F8E-A83D-AA8C273F00E9}.Release|x64.ActiveCfg = Release|Any CPU
		{994C6769-E8FB-4F8E-A83D-AA8C273F00E9}.Release|x86.ActiveCfg = Release|Any CPU
		{CF80726C-861B-426D-A287-CAE1F95CC1E5}.Ad-Hoc|Any CPU.ActiveCfg = Ad-Hoc|iPhone
		{CF80726C-861B-426D-A287-CAE1F95CC1E5}.Ad-Hoc|ARM.ActiveCfg = Ad-Hoc|iPhone
		{CF80726C-861B-426D-A287-CAE1F95CC1E5}.Ad-Hoc|iPhone.ActiveCfg = Ad-Hoc|iPhone
		{CF80726C-861B-426D-A287-CAE1F95CC1E5}.Ad-Hoc|iPhone.Build.0 = Ad-Hoc|iPhone
		{CF80726C-861B-426D-A287-CAE1F95CC1E5}.Ad-Hoc|iPhone.Deploy.0 = Ad-Hoc|iPhone
		{CF80726C-861B-426D-A287-CAE1F95CC1E5}.Ad-Hoc|iPhoneSimulator.ActiveCfg = Ad-Hoc|iPhoneSimulator
		{CF80726C-861B-426D-A287-CAE1F95CC1E5}.Ad-Hoc|iPhoneSimulator.Build.0 = Ad-Hoc|iPhoneSimulator
		{CF80726C-861B-426D-A287-CAE1F95CC1E5}.Ad-Hoc|iPhoneSimulator.Deploy.0 = Ad-Hoc|iPhoneSimulator
		{CF80726C-861B-426D-A287-CAE1F95CC1E5}.Ad-Hoc|Mixed Platforms.ActiveCfg = Ad-Hoc|iPhone
		{CF80726C-861B-426D-A287-CAE1F95CC1E5}.Ad-Hoc|Mixed Platforms.Build.0 = Ad-Hoc|iPhone
		{CF80726C-861B-426D-A287-CAE1F95CC1E5}.Ad-Hoc|Mixed Platforms.Deploy.0 = Ad-Hoc|iPhone
		{CF80726C-861B-426D-A287-CAE1F95CC1E5}.Ad-Hoc|x64.ActiveCfg = Ad-Hoc|iPhone
		{CF80726C-861B-426D-A287-CAE1F95CC1E5}.Ad-Hoc|x86.ActiveCfg = Ad-Hoc|iPhone
		{CF80726C-861B-426D-A287-CAE1F95CC1E5}.AppStore|Any CPU.ActiveCfg = AppStore|iPhone
		{CF80726C-861B-426D-A287-CAE1F95CC1E5}.AppStore|ARM.ActiveCfg = AppStore|iPhone
		{CF80726C-861B-426D-A287-CAE1F95CC1E5}.AppStore|iPhone.ActiveCfg = AppStore|iPhone
		{CF80726C-861B-426D-A287-CAE1F95CC1E5}.AppStore|iPhone.Build.0 = AppStore|iPhone
		{CF80726C-861B-426D-A287-CAE1F95CC1E5}.AppStore|iPhone.Deploy.0 = AppStore|iPhone
		{CF80726C-861B-426D-A287-CAE1F95CC1E5}.AppStore|iPhoneSimulator.ActiveCfg = AppStore|iPhoneSimulator
		{CF80726C-861B-426D-A287-CAE1F95CC1E5}.AppStore|iPhoneSimulator.Build.0 = AppStore|iPhoneSimulator
		{CF80726C-861B-426D-A287-CAE1F95CC1E5}.AppStore|iPhoneSimulator.Deploy.0 = AppStore|iPhoneSimulator
		{CF80726C-861B-426D-A287-CAE1F95CC1E5}.AppStore|Mixed Platforms.ActiveCfg = AppStore|iPhone
		{CF80726C-861B-426D-A287-CAE1F95CC1E5}.AppStore|Mixed Platforms.Build.0 = AppStore|iPhone
		{CF80726C-861B-426D-A287-CAE1F95CC1E5}.AppStore|Mixed Platforms.Deploy.0 = AppStore|iPhone
		{CF80726C-861B-426D-A287-CAE1F95CC1E5}.AppStore|x64.ActiveCfg = AppStore|iPhone
		{CF80726C-861B-426D-A287-CAE1F95CC1E5}.AppStore|x86.ActiveCfg = AppStore|iPhone
		{CF80726C-861B-426D-A287-CAE1F95CC1E5}.Debug|Any CPU.ActiveCfg = Debug|iPhone
		{CF80726C-861B-426D-A287-CAE1F95CC1E5}.Debug|ARM.ActiveCfg = Debug|iPhone
		{CF80726C-861B-426D-A287-CAE1F95CC1E5}.Debug|iPhone.ActiveCfg = Debug|iPhone
		{CF80726C-861B-426D-A287-CAE1F95CC1E5}.Debug|iPhone.Build.0 = Debug|iPhone
		{CF80726C-861B-426D-A287-CAE1F95CC1E5}.Debug|iPhone.Deploy.0 = Debug|iPhone
		{CF80726C-861B-426D-A287-CAE1F95CC1E5}.Debug|iPhoneSimulator.ActiveCfg = Debug|iPhoneSimulator
		{CF80726C-861B-426D-A287-CAE1F95CC1E5}.Debug|iPhoneSimulator.Build.0 = Debug|iPhoneSimulator
		{CF80726C-861B-426D-A287-CAE1F95CC1E5}.Debug|iPhoneSimulator.Deploy.0 = Debug|iPhoneSimulator
		{CF80726C-861B-426D-A287-CAE1F95CC1E5}.Debug|Mixed Platforms.ActiveCfg = Debug|iPhoneSimulator
		{CF80726C-861B-426D-A287-CAE1F95CC1E5}.Debug|Mixed Platforms.Build.0 = Debug|iPhoneSimulator
		{CF80726C-861B-426D-A287-CAE1F95CC1E5}.Debug|Mixed Platforms.Deploy.0 = Debug|iPhoneSimulator
		{CF80726C-861B-426D-A287-CAE1F95CC1E5}.Debug|x64.ActiveCfg = Debug|iPhone
		{CF80726C-861B-426D-A287-CAE1F95CC1E5}.Debug|x86.ActiveCfg = Debug|iPhone
		{CF80726C-861B-426D-A287-CAE1F95CC1E5}.Release|Any CPU.ActiveCfg = Release|iPhone
		{CF80726C-861B-426D-A287-CAE1F95CC1E5}.Release|ARM.ActiveCfg = Release|iPhone
		{CF80726C-861B-426D-A287-CAE1F95CC1E5}.Release|iPhone.ActiveCfg = Release|iPhone
		{CF80726C-861B-426D-A287-CAE1F95CC1E5}.Release|iPhone.Build.0 = Release|iPhone
		{CF80726C-861B-426D-A287-CAE1F95CC1E5}.Release|iPhone.Deploy.0 = Release|iPhone
		{CF80726C-861B-426D-A287-CAE1F95CC1E5}.Release|iPhoneSimulator.ActiveCfg = Release|iPhoneSimulator
		{CF80726C-861B-426D-A287-CAE1F95CC1E5}.Release|iPhoneSimulator.Build.0 = Release|iPhoneSimulator
		{CF80726C-861B-426D-A287-CAE1F95CC1E5}.Release|iPhoneSimulator.Deploy.0 = Release|iPhoneSimulator
		{CF80726C-861B-426D-A287-CAE1F95CC1E5}.Release|Mixed Platforms.ActiveCfg = Release|iPhone
		{CF80726C-861B-426D-A287-CAE1F95CC1E5}.Release|Mixed Platforms.Build.0 = Release|iPhone
		{CF80726C-861B-426D-A287-CAE1F95CC1E5}.Release|Mixed Platforms.Deploy.0 = Release|iPhone
		{CF80726C-861B-426D-A287-CAE1F95CC1E5}.Release|x64.ActiveCfg = Release|iPhone
		{CF80726C-861B-426D-A287-CAE1F95CC1E5}.Release|x86.ActiveCfg = Release|iPhone
		{A1F42E8A-6386-4195-9C4C-AA5B0FFA4F4B}.Ad-Hoc|Any CPU.ActiveCfg = Release|Any CPU
		{A1F42E8A-6386-4195-9C4C-AA5B0FFA4F4B}.Ad-Hoc|Any CPU.Build.0 = Release|Any CPU
		{A1F42E8A-6386-4195-9C4C-AA5B0FFA4F4B}.Ad-Hoc|ARM.ActiveCfg = Release|Any CPU
		{A1F42E8A-6386-4195-9C4C-AA5B0FFA4F4B}.Ad-Hoc|ARM.Build.0 = Release|Any CPU
		{A1F42E8A-6386-4195-9C4C-AA5B0FFA4F4B}.Ad-Hoc|iPhone.ActiveCfg = Release|Any CPU
		{A1F42E8A-6386-4195-9C4C-AA5B0FFA4F4B}.Ad-Hoc|iPhone.Build.0 = Release|Any CPU
		{A1F42E8A-6386-4195-9C4C-AA5B0FFA4F4B}.Ad-Hoc|iPhoneSimulator.ActiveCfg = Release|Any CPU
		{A1F42E8A-6386-4195-9C4C-AA5B0FFA4F4B}.Ad-Hoc|iPhoneSimulator.Build.0 = Release|Any CPU
		{A1F42E8A-6386-4195-9C4C-AA5B0FFA4F4B}.Ad-Hoc|Mixed Platforms.ActiveCfg = Release|Any CPU
		{A1F42E8A-6386-4195-9C4C-AA5B0FFA4F4B}.Ad-Hoc|Mixed Platforms.Build.0 = Release|Any CPU
		{A1F42E8A-6386-4195-9C4C-AA5B0FFA4F4B}.Ad-Hoc|x64.ActiveCfg = Release|Any CPU
		{A1F42E8A-6386-4195-9C4C-AA5B0FFA4F4B}.Ad-Hoc|x64.Build.0 = Release|Any CPU
		{A1F42E8A-6386-4195-9C4C-AA5B0FFA4F4B}.Ad-Hoc|x86.ActiveCfg = Release|Any CPU
		{A1F42E8A-6386-4195-9C4C-AA5B0FFA4F4B}.Ad-Hoc|x86.Build.0 = Release|Any CPU
		{A1F42E8A-6386-4195-9C4C-AA5B0FFA4F4B}.AppStore|Any CPU.ActiveCfg = Release|Any CPU
		{A1F42E8A-6386-4195-9C4C-AA5B0FFA4F4B}.AppStore|Any CPU.Build.0 = Release|Any CPU
		{A1F42E8A-6386-4195-9C4C-AA5B0FFA4F4B}.AppStore|ARM.ActiveCfg = Release|Any CPU
		{A1F42E8A-6386-4195-9C4C-AA5B0FFA4F4B}.AppStore|ARM.Build.0 = Release|Any CPU
		{A1F42E8A-6386-4195-9C4C-AA5B0FFA4F4B}.AppStore|iPhone.ActiveCfg = Release|Any CPU
		{A1F42E8A-6386-4195-9C4C-AA5B0FFA4F4B}.AppStore|iPhone.Build.0 = Release|Any CPU
		{A1F42E8A-6386-4195-9C4C-AA5B0FFA4F4B}.AppStore|iPhoneSimulator.ActiveCfg = Release|Any CPU
		{A1F42E8A-6386-4195-9C4C-AA5B0FFA4F4B}.AppStore|iPhoneSimulator.Build.0 = Release|Any CPU
		{A1F42E8A-6386-4195-9C4C-AA5B0FFA4F4B}.AppStore|Mixed Platforms.ActiveCfg = Release|Any CPU
		{A1F42E8A-6386-4195-9C4C-AA5B0FFA4F4B}.AppStore|Mixed Platforms.Build.0 = Release|Any CPU
		{A1F42E8A-6386-4195-9C4C-AA5B0FFA4F4B}.AppStore|x64.ActiveCfg = Release|Any CPU
		{A1F42E8A-6386-4195-9C4C-AA5B0FFA4F4B}.AppStore|x64.Build.0 = Release|Any CPU
		{A1F42E8A-6386-4195-9C4C-AA5B0FFA4F4B}.AppStore|x86.ActiveCfg = Release|Any CPU
		{A1F42E8A-6386-4195-9C4C-AA5B0FFA4F4B}.AppStore|x86.Build.0 = Release|Any CPU
		{A1F42E8A-6386-4195-9C4C-AA5B0FFA4F4B}.Debug|Any CPU.ActiveCfg = Debug|Any CPU
		{A1F42E8A-6386-4195-9C4C-AA5B0FFA4F4B}.Debug|Any CPU.Build.0 = Debug|Any CPU
		{A1F42E8A-6386-4195-9C4C-AA5B0FFA4F4B}.Debug|ARM.ActiveCfg = Debug|Any CPU
		{A1F42E8A-6386-4195-9C4C-AA5B0FFA4F4B}.Debug|ARM.Build.0 = Debug|Any CPU
		{A1F42E8A-6386-4195-9C4C-AA5B0FFA4F4B}.Debug|iPhone.ActiveCfg = Debug|Any CPU
		{A1F42E8A-6386-4195-9C4C-AA5B0FFA4F4B}.Debug|iPhone.Build.0 = Debug|Any CPU
		{A1F42E8A-6386-4195-9C4C-AA5B0FFA4F4B}.Debug|iPhoneSimulator.ActiveCfg = Debug|Any CPU
		{A1F42E8A-6386-4195-9C4C-AA5B0FFA4F4B}.Debug|iPhoneSimulator.Build.0 = Debug|Any CPU
		{A1F42E8A-6386-4195-9C4C-AA5B0FFA4F4B}.Debug|Mixed Platforms.ActiveCfg = Debug|Any CPU
		{A1F42E8A-6386-4195-9C4C-AA5B0FFA4F4B}.Debug|Mixed Platforms.Build.0 = Debug|Any CPU
		{A1F42E8A-6386-4195-9C4C-AA5B0FFA4F4B}.Debug|x64.ActiveCfg = Debug|Any CPU
		{A1F42E8A-6386-4195-9C4C-AA5B0FFA4F4B}.Debug|x64.Build.0 = Debug|Any CPU
		{A1F42E8A-6386-4195-9C4C-AA5B0FFA4F4B}.Debug|x86.ActiveCfg = Debug|Any CPU
		{A1F42E8A-6386-4195-9C4C-AA5B0FFA4F4B}.Debug|x86.Build.0 = Debug|Any CPU
		{A1F42E8A-6386-4195-9C4C-AA5B0FFA4F4B}.Release|Any CPU.ActiveCfg = Release|Any CPU
		{A1F42E8A-6386-4195-9C4C-AA5B0FFA4F4B}.Release|Any CPU.Build.0 = Release|Any CPU
		{A1F42E8A-6386-4195-9C4C-AA5B0FFA4F4B}.Release|ARM.ActiveCfg = Release|Any CPU
		{A1F42E8A-6386-4195-9C4C-AA5B0FFA4F4B}.Release|ARM.Build.0 = Release|Any CPU
		{A1F42E8A-6386-4195-9C4C-AA5B0FFA4F4B}.Release|iPhone.ActiveCfg = Release|Any CPU
		{A1F42E8A-6386-4195-9C4C-AA5B0FFA4F4B}.Release|iPhone.Build.0 = Release|Any CPU
		{A1F42E8A-6386-4195-9C4C-AA5B0FFA4F4B}.Release|iPhoneSimulator.ActiveCfg = Release|Any CPU
		{A1F42E8A-6386-4195-9C4C-AA5B0FFA4F4B}.Release|iPhoneSimulator.Build.0 = Release|Any CPU
		{A1F42E8A-6386-4195-9C4C-AA5B0FFA4F4B}.Release|Mixed Platforms.ActiveCfg = Release|Any CPU
		{A1F42E8A-6386-4195-9C4C-AA5B0FFA4F4B}.Release|Mixed Platforms.Build.0 = Release|Any CPU
		{A1F42E8A-6386-4195-9C4C-AA5B0FFA4F4B}.Release|x64.ActiveCfg = Release|Any CPU
		{A1F42E8A-6386-4195-9C4C-AA5B0FFA4F4B}.Release|x64.Build.0 = Release|Any CPU
		{A1F42E8A-6386-4195-9C4C-AA5B0FFA4F4B}.Release|x86.ActiveCfg = Release|Any CPU
		{A1F42E8A-6386-4195-9C4C-AA5B0FFA4F4B}.Release|x86.Build.0 = Release|Any CPU
	EndGlobalSection
	GlobalSection(SolutionProperties) = preSolution
		HideSolutionNode = FALSE
	EndGlobalSection
	GlobalSection(NestedProjects) = preSolution
		{994C6769-E8FB-4F8E-A83D-AA8C273F00E9} = {7AD54447-31D0-4B89-AA43-3EBF8858F145}
		{CF80726C-861B-426D-A287-CAE1F95CC1E5} = {7AD54447-31D0-4B89-AA43-3EBF8858F145}
		{A1F42E8A-6386-4195-9C4C-AA5B0FFA4F4B} = {7AD54447-31D0-4B89-AA43-3EBF8858F145}
	EndGlobalSection
	GlobalSection(MonoDevelopProperties) = preSolution
		StartupItem = Sqlite\Cirrious.MvvmCross.Community.Plugins.Sqlite\Cirrious.MvvmCross.Community.Plugins.Sqlite.csproj
	EndGlobalSection
EndGlobal
